// !$*UTF8*$!
{
	archiveVersion = 1;
	classes = {
	};
	objectVersion = 50;
	objects = {

/* Begin PBXBuildFile section */
		107D14D322F80D2C00CDA789 /* I1.swift in Sources */ = {isa = PBXBuildFile; fileRef = 107D14D222F80D2C00CDA789 /* I1.swift */; };
		107D14D522F80D3600CDA789 /* I2.swift in Sources */ = {isa = PBXBuildFile; fileRef = 107D14D422F80D3600CDA789 /* I2.swift */; };
		107D14D722F80D4400CDA789 /* I3.swift in Sources */ = {isa = PBXBuildFile; fileRef = 107D14D622F80D4400CDA789 /* I3.swift */; };
		107D14D922F80D4D00CDA789 /* I4.swift in Sources */ = {isa = PBXBuildFile; fileRef = 107D14D822F80D4D00CDA789 /* I4.swift */; };
		107D14DB22F80D5700CDA789 /* I5.swift in Sources */ = {isa = PBXBuildFile; fileRef = 107D14DA22F80D5700CDA789 /* I5.swift */; };
		107D14DD22F80D6300CDA789 /* I6.swift in Sources */ = {isa = PBXBuildFile; fileRef = 107D14DC22F80D6300CDA789 /* I6.swift */; };
		107D14DF22F80D6B00CDA789 /* I7.swift in Sources */ = {isa = PBXBuildFile; fileRef = 107D14DE22F80D6B00CDA789 /* I7.swift */; };
		107D14E122F80D7300CDA789 /* I8.swift in Sources */ = {isa = PBXBuildFile; fileRef = 107D14E022F80D7300CDA789 /* I8.swift */; };
		107D14E322F80D7B00CDA789 /* I9.swift in Sources */ = {isa = PBXBuildFile; fileRef = 107D14E222F80D7B00CDA789 /* I9.swift */; };
		107D14E522F80D8500CDA789 /* I10.swift in Sources */ = {isa = PBXBuildFile; fileRef = 107D14E422F80D8500CDA789 /* I10.swift */; };
		107D14E722F80DA000CDA789 /* I11.swift in Sources */ = {isa = PBXBuildFile; fileRef = 107D14E622F80DA000CDA789 /* I11.swift */; };
		107D14EE22F8135100CDA789 /* Localizable.strings in Resources */ = {isa = PBXBuildFile; fileRef = 107D14F022F8135100CDA789 /* Localizable.strings */; };
		107D14F722F825B500CDA789 /* ChineseTr.swift in Sources */ = {isa = PBXBuildFile; fileRef = 107D14F622F825B500CDA789 /* ChineseTr.swift */; };
		107D14F922F825C000CDA789 /* English.swift in Sources */ = {isa = PBXBuildFile; fileRef = 107D14F822F825C000CDA789 /* English.swift */; };
		107D14FE22F82C1F00CDA789 /* SetLan.swift in Sources */ = {isa = PBXBuildFile; fileRef = 107D14FD22F82C1F00CDA789 /* SetLan.swift */; };
		107D150122F907F700CDA789 /* ChineseSi.swift in Sources */ = {isa = PBXBuildFile; fileRef = 107D150022F907F700CDA789 /* ChineseSi.swift */; };
		107D150322F90B3900CDA789 /* De.swift in Sources */ = {isa = PBXBuildFile; fileRef = 107D150222F90B3900CDA789 /* De.swift */; };
		107D150522F90DD900CDA789 /* It.swift in Sources */ = {isa = PBXBuildFile; fileRef = 107D150422F90DD900CDA789 /* It.swift */; };
		107D150822F9163D00CDA789 /* Setting.swift in Sources */ = {isa = PBXBuildFile; fileRef = 107D150722F9163D00CDA789 /* Setting.swift */; };
		107D150A22F91F6D00CDA789 /* LanguageSetting.swift in Sources */ = {isa = PBXBuildFile; fileRef = 107D150922F91F6D00CDA789 /* LanguageSetting.swift */; };
		107D150C22F9398100CDA789 /* Policy.swift in Sources */ = {isa = PBXBuildFile; fileRef = 107D150B22F9398100CDA789 /* Policy.swift */; };
		107D150E22FA715C00CDA789 /* Relarm.swift in Sources */ = {isa = PBXBuildFile; fileRef = 107D150D22FA715C00CDA789 /* Relarm.swift */; };
		1095682022CDEAEC00C58666 /* AppDelegate.swift in Sources */ = {isa = PBXBuildFile; fileRef = 1095681F22CDEAEC00C58666 /* AppDelegate.swift */; };
		1095682222CDEAEC00C58666 /* ViewController.swift in Sources */ = {isa = PBXBuildFile; fileRef = 1095682122CDEAEC00C58666 /* ViewController.swift */; };
		1095682522CDEAEC00C58666 /* Main.storyboard in Resources */ = {isa = PBXBuildFile; fileRef = 1095682322CDEAEC00C58666 /* Main.storyboard */; };
		1095682722CDEAF200C58666 /* Assets.xcassets in Resources */ = {isa = PBXBuildFile; fileRef = 1095682622CDEAF200C58666 /* Assets.xcassets */; };
		1095682A22CDEAF200C58666 /* LaunchScreen.storyboard in Resources */ = {isa = PBXBuildFile; fileRef = 1095682822CDEAF200C58666 /* LaunchScreen.storyboard */; };
		1095683722CEDEC200C58666 /* HomePage.swift in Sources */ = {isa = PBXBuildFile; fileRef = 1095683622CEDEC200C58666 /* HomePage.swift */; };
		1095683922CEE4FB00C58666 /* PeaceDefine.swift in Sources */ = {isa = PBXBuildFile; fileRef = 1095683822CEE4FB00C58666 /* PeaceDefine.swift */; };
		1095683E22CEECFB00C58666 /* SelectMake.swift in Sources */ = {isa = PBXBuildFile; fileRef = 1095683D22CEECFB00C58666 /* SelectMake.swift */; };
		1095684022CEEDBC00C58666 /* model.swift in Sources */ = {isa = PBXBuildFile; fileRef = 1095683F22CEEDBC00C58666 /* model.swift */; };
		1095684322CEF1A200C58666 /* Make.swift in Sources */ = {isa = PBXBuildFile; fileRef = 1095684222CEF1A200C58666 /* Make.swift */; };
		1095684A22CEFCAB00C58666 /* obd.db in Resources */ = {isa = PBXBuildFile; fileRef = 1095684722CEFA3D00C58666 /* obd.db */; };
		1095684C22CF090E00C58666 /* SelectModel.swift in Sources */ = {isa = PBXBuildFile; fileRef = 1095684B22CF090E00C58666 /* SelectModel.swift */; };
		1095684E22CF1BC000C58666 /* Model.swift in Sources */ = {isa = PBXBuildFile; fileRef = 1095684D22CF1BC000C58666 /* Model.swift */; };
		1095685022CF243200C58666 /* SelectYear.swift in Sources */ = {isa = PBXBuildFile; fileRef = 1095684F22CF243200C58666 /* SelectYear.swift */; };
		1095685222CF276800C58666 /* Year.swift in Sources */ = {isa = PBXBuildFile; fileRef = 1095685122CF276800C58666 /* Year.swift */; };
		1095685422CF347B00C58666 /* Idcopy.swift in Sources */ = {isa = PBXBuildFile; fileRef = 1095685322CF347B00C58666 /* Idcopy.swift */; };
		1095685622CF3CA500C58666 /* extension.swift in Sources */ = {isa = PBXBuildFile; fileRef = 1095685522CF3CA500C58666 /* extension.swift */; };
		1095686622D2E66600C58666 /* BleScanner.swift in Sources */ = {isa = PBXBuildFile; fileRef = 1095686522D2E66600C58666 /* BleScanner.swift */; };
		1095686D22D2ED6A00C58666 /* BleItem.swift in Sources */ = {isa = PBXBuildFile; fileRef = 1095686C22D2ED6A00C58666 /* BleItem.swift */; };
		1095686F22D2F06A00C58666 /* BleAdapter.swift in Sources */ = {isa = PBXBuildFile; fileRef = 1095686E22D2F06A00C58666 /* BleAdapter.swift */; };
		1095687422D3105800C58666 /* simple-loader2.json in Resources */ = {isa = PBXBuildFile; fileRef = 1095687322D3105700C58666 /* simple-loader2.json */; };
		1095687722D324C600C58666 /* Command.swift in Sources */ = {isa = PBXBuildFile; fileRef = 1095687622D324C600C58666 /* Command.swift */; };
		1095687F22D33F7D00C58666 /* try.srec in Resources */ = {isa = PBXBuildFile; fileRef = 1095687E22D33F7C00C58666 /* try.srec */; };
		109568AF22DC087000C58666 /* FtpManager.swift in Sources */ = {isa = PBXBuildFile; fileRef = 109568AE22DC087000C58666 /* FtpManager.swift */; };
		109B5B87230F84B80092FA47 /* Sign in.swift in Sources */ = {isa = PBXBuildFile; fileRef = 109B5B86230F84B80092FA47 /* Sign in.swift */; };
		109B5B8A230F86BB0092FA47 /* Function.swift in Sources */ = {isa = PBXBuildFile; fileRef = 109B5B89230F86BB0092FA47 /* Function.swift */; };
		109B5B8C230FA19C0092FA47 /* Registration.swift in Sources */ = {isa = PBXBuildFile; fileRef = 109B5B8B230FA19C0092FA47 /* Registration.swift */; };
		109B5B9723136FF70092FA47 /* ResetPassword.swift in Sources */ = {isa = PBXBuildFile; fileRef = 109B5B9623136FF70092FA47 /* ResetPassword.swift */; };
		10AC61D522F7BA5300F49C08 /* Users_Manual.swift in Sources */ = {isa = PBXBuildFile; fileRef = 10AC61D422F7BA5300F49C08 /* Users_Manual.swift */; };
		10AC61D922F7BC3E00F49C08 /* Menu.storyboard in Resources */ = {isa = PBXBuildFile; fileRef = 10AC61D822F7BC3E00F49C08 /* Menu.storyboard */; };
		10AC61DB22F7BE7400F49C08 /* Menu_Detail.swift in Sources */ = {isa = PBXBuildFile; fileRef = 10AC61DA22F7BE7400F49C08 /* Menu_Detail.swift */; };
		10AC61DE22F7DCED00F49C08 /* P1.swift in Sources */ = {isa = PBXBuildFile; fileRef = 10AC61DD22F7DCED00F49C08 /* P1.swift */; };
		10AC61E022F7DCFE00F49C08 /* P2.swift in Sources */ = {isa = PBXBuildFile; fileRef = 10AC61DF22F7DCFE00F49C08 /* P2.swift */; };
		10AC61E522F7FB5900F49C08 /* P3.swift in Sources */ = {isa = PBXBuildFile; fileRef = 10AC61E422F7FB5900F49C08 /* P3.swift */; };
		10AC61E722F7FB6500F49C08 /* P4.swift in Sources */ = {isa = PBXBuildFile; fileRef = 10AC61E622F7FB6500F49C08 /* P4.swift */; };
		10AC61E922F7FB6D00F49C08 /* P5.swift in Sources */ = {isa = PBXBuildFile; fileRef = 10AC61E822F7FB6D00F49C08 /* P5.swift */; };
		10AC61EB22F7FB7C00F49C08 /* P6.swift in Sources */ = {isa = PBXBuildFile; fileRef = 10AC61EA22F7FB7C00F49C08 /* P6.swift */; };
		10AC61ED22F7FB8B00F49C08 /* P7.swift in Sources */ = {isa = PBXBuildFile; fileRef = 10AC61EC22F7FB8A00F49C08 /* P7.swift */; };
		10AC61EF22F7FB9400F49C08 /* P8.swift in Sources */ = {isa = PBXBuildFile; fileRef = 10AC61EE22F7FB9400F49C08 /* P8.swift */; };
		10AC61F122F7FBA700F49C08 /* P9.swift in Sources */ = {isa = PBXBuildFile; fileRef = 10AC61F022F7FBA700F49C08 /* P9.swift */; };
		10B2390723190BF40063072F /* SensorRecord.swift in Sources */ = {isa = PBXBuildFile; fileRef = 10B2390623190BF40063072F /* SensorRecord.swift */; };
		10B6D0C122DC784C00A084F1 /* PadSelect.swift in Sources */ = {isa = PBXBuildFile; fileRef = 10B6D0C022DC784C00A084F1 /* PadSelect.swift */; };
		10B6D0C322DD69B600A084F1 /* Program.swift in Sources */ = {isa = PBXBuildFile; fileRef = 10B6D0C222DD69B600A084F1 /* Program.swift */; };
		10B6D0C522DD7E2200A084F1 /* CRC16.swift in Sources */ = {isa = PBXBuildFile; fileRef = 10B6D0C422DD7E2200A084F1 /* CRC16.swift */; };
		10B6D0D122E0568C00A084F1 /* QrScanner.swift in Sources */ = {isa = PBXBuildFile; fileRef = 10B6D0D022E0568C00A084F1 /* QrScanner.swift */; };
		10BAAE4B22E0684B00AC2DE4 /* Signout.swift in Sources */ = {isa = PBXBuildFile; fileRef = 10BAAE4A22E0684B00AC2DE4 /* Signout.swift */; };
		10DB8AEA22FD63BE00C1A7A0 /* VersionUpdate.swift in Sources */ = {isa = PBXBuildFile; fileRef = 10DB8AE922FD63BE00C1A7A0 /* VersionUpdate.swift */; };
		E843A1897532756B7DF26204 /* Pods_txusb.framework in Frameworks */ = {isa = PBXBuildFile; fileRef = B844DF50EAE00CC6CDF6E786 /* Pods_txusb.framework */; };
/* End PBXBuildFile section */

/* Begin PBXFileReference section */
		107D14D222F80D2C00CDA789 /* I1.swift */ = {isa = PBXFileReference; lastKnownFileType = sourcecode.swift; path = I1.swift; sourceTree = "<group>"; };
		107D14D422F80D3600CDA789 /* I2.swift */ = {isa = PBXFileReference; lastKnownFileType = sourcecode.swift; path = I2.swift; sourceTree = "<group>"; };
		107D14D622F80D4400CDA789 /* I3.swift */ = {isa = PBXFileReference; lastKnownFileType = sourcecode.swift; path = I3.swift; sourceTree = "<group>"; };
		107D14D822F80D4D00CDA789 /* I4.swift */ = {isa = PBXFileReference; lastKnownFileType = sourcecode.swift; path = I4.swift; sourceTree = "<group>"; };
		107D14DA22F80D5700CDA789 /* I5.swift */ = {isa = PBXFileReference; lastKnownFileType = sourcecode.swift; path = I5.swift; sourceTree = "<group>"; };
		107D14DC22F80D6300CDA789 /* I6.swift */ = {isa = PBXFileReference; lastKnownFileType = sourcecode.swift; path = I6.swift; sourceTree = "<group>"; };
		107D14DE22F80D6B00CDA789 /* I7.swift */ = {isa = PBXFileReference; lastKnownFileType = sourcecode.swift; path = I7.swift; sourceTree = "<group>"; };
		107D14E022F80D7300CDA789 /* I8.swift */ = {isa = PBXFileReference; lastKnownFileType = sourcecode.swift; path = I8.swift; sourceTree = "<group>"; };
		107D14E222F80D7B00CDA789 /* I9.swift */ = {isa = PBXFileReference; lastKnownFileType = sourcecode.swift; path = I9.swift; sourceTree = "<group>"; };
		107D14E422F80D8500CDA789 /* I10.swift */ = {isa = PBXFileReference; lastKnownFileType = sourcecode.swift; path = I10.swift; sourceTree = "<group>"; };
		107D14E622F80DA000CDA789 /* I11.swift */ = {isa = PBXFileReference; lastKnownFileType = sourcecode.swift; path = I11.swift; sourceTree = "<group>"; };
		107D14E922F811B000CDA789 /* en */ = {isa = PBXFileReference; lastKnownFileType = text.plist.strings; name = en; path = en.lproj/Main.strings; sourceTree = "<group>"; };
		107D14EF22F8135100CDA789 /* en */ = {isa = PBXFileReference; lastKnownFileType = text.plist.strings; name = en; path = en.lproj/Localizable.strings; sourceTree = "<group>"; };
		107D14F622F825B500CDA789 /* ChineseTr.swift */ = {isa = PBXFileReference; lastKnownFileType = sourcecode.swift; path = ChineseTr.swift; sourceTree = "<group>"; };
		107D14F822F825C000CDA789 /* English.swift */ = {isa = PBXFileReference; lastKnownFileType = sourcecode.swift; path = English.swift; sourceTree = "<group>"; };
		107D14FD22F82C1F00CDA789 /* SetLan.swift */ = {isa = PBXFileReference; lastKnownFileType = sourcecode.swift; path = SetLan.swift; sourceTree = "<group>"; };
		107D150022F907F700CDA789 /* ChineseSi.swift */ = {isa = PBXFileReference; lastKnownFileType = sourcecode.swift; path = ChineseSi.swift; sourceTree = "<group>"; };
		107D150222F90B3900CDA789 /* De.swift */ = {isa = PBXFileReference; lastKnownFileType = sourcecode.swift; path = De.swift; sourceTree = "<group>"; };
		107D150422F90DD900CDA789 /* It.swift */ = {isa = PBXFileReference; lastKnownFileType = sourcecode.swift; path = It.swift; sourceTree = "<group>"; };
		107D150722F9163D00CDA789 /* Setting.swift */ = {isa = PBXFileReference; lastKnownFileType = sourcecode.swift; path = Setting.swift; sourceTree = "<group>"; };
		107D150922F91F6D00CDA789 /* LanguageSetting.swift */ = {isa = PBXFileReference; lastKnownFileType = sourcecode.swift; path = LanguageSetting.swift; sourceTree = "<group>"; };
		107D150B22F9398100CDA789 /* Policy.swift */ = {isa = PBXFileReference; lastKnownFileType = sourcecode.swift; path = Policy.swift; sourceTree = "<group>"; };
		107D150D22FA715C00CDA789 /* Relarm.swift */ = {isa = PBXFileReference; lastKnownFileType = sourcecode.swift; path = Relarm.swift; sourceTree = "<group>"; };
		1095681C22CDEAEC00C58666 /* txusb.app */ = {isa = PBXFileReference; explicitFileType = wrapper.application; includeInIndex = 0; path = txusb.app; sourceTree = BUILT_PRODUCTS_DIR; };
		1095681F22CDEAEC00C58666 /* AppDelegate.swift */ = {isa = PBXFileReference; lastKnownFileType = sourcecode.swift; path = AppDelegate.swift; sourceTree = "<group>"; };
		1095682122CDEAEC00C58666 /* ViewController.swift */ = {isa = PBXFileReference; lastKnownFileType = sourcecode.swift; path = ViewController.swift; sourceTree = "<group>"; };
		1095682422CDEAEC00C58666 /* Base */ = {isa = PBXFileReference; lastKnownFileType = file.storyboard; name = Base; path = Base.lproj/Main.storyboard; sourceTree = "<group>"; };
		1095682622CDEAF200C58666 /* Assets.xcassets */ = {isa = PBXFileReference; lastKnownFileType = folder.assetcatalog; path = Assets.xcassets; sourceTree = "<group>"; };
		1095682922CDEAF200C58666 /* Base */ = {isa = PBXFileReference; lastKnownFileType = file.storyboard; name = Base; path = Base.lproj/LaunchScreen.storyboard; sourceTree = "<group>"; };
		1095682B22CDEAF200C58666 /* Info.plist */ = {isa = PBXFileReference; lastKnownFileType = text.plist.xml; path = Info.plist; sourceTree = "<group>"; };
		1095683622CEDEC200C58666 /* HomePage.swift */ = {isa = PBXFileReference; lastKnownFileType = sourcecode.swift; path = HomePage.swift; sourceTree = "<group>"; };
		1095683822CEE4FB00C58666 /* PeaceDefine.swift */ = {isa = PBXFileReference; lastKnownFileType = sourcecode.swift; path = PeaceDefine.swift; sourceTree = "<group>"; };
		1095683D22CEECFB00C58666 /* SelectMake.swift */ = {isa = PBXFileReference; lastKnownFileType = sourcecode.swift; path = SelectMake.swift; sourceTree = "<group>"; };
		1095683F22CEEDBC00C58666 /* model.swift */ = {isa = PBXFileReference; lastKnownFileType = sourcecode.swift; path = model.swift; sourceTree = "<group>"; };
		1095684222CEF1A200C58666 /* Make.swift */ = {isa = PBXFileReference; lastKnownFileType = sourcecode.swift; path = Make.swift; sourceTree = "<group>"; };
		1095684722CEFA3D00C58666 /* obd.db */ = {isa = PBXFileReference; lastKnownFileType = file; path = obd.db; sourceTree = "<group>"; };
		1095684B22CF090E00C58666 /* SelectModel.swift */ = {isa = PBXFileReference; lastKnownFileType = sourcecode.swift; path = SelectModel.swift; sourceTree = "<group>"; };
		1095684D22CF1BC000C58666 /* Model.swift */ = {isa = PBXFileReference; lastKnownFileType = sourcecode.swift; path = Model.swift; sourceTree = "<group>"; };
		1095684F22CF243200C58666 /* SelectYear.swift */ = {isa = PBXFileReference; lastKnownFileType = sourcecode.swift; path = SelectYear.swift; sourceTree = "<group>"; };
		1095685122CF276800C58666 /* Year.swift */ = {isa = PBXFileReference; lastKnownFileType = sourcecode.swift; path = Year.swift; sourceTree = "<group>"; };
		1095685322CF347B00C58666 /* Idcopy.swift */ = {isa = PBXFileReference; lastKnownFileType = sourcecode.swift; path = Idcopy.swift; sourceTree = "<group>"; };
		1095685522CF3CA500C58666 /* extension.swift */ = {isa = PBXFileReference; lastKnownFileType = sourcecode.swift; path = extension.swift; sourceTree = "<group>"; };
		1095686522D2E66600C58666 /* BleScanner.swift */ = {isa = PBXFileReference; lastKnownFileType = sourcecode.swift; path = BleScanner.swift; sourceTree = "<group>"; };
		1095686C22D2ED6A00C58666 /* BleItem.swift */ = {isa = PBXFileReference; lastKnownFileType = sourcecode.swift; path = BleItem.swift; sourceTree = "<group>"; };
		1095686E22D2F06A00C58666 /* BleAdapter.swift */ = {isa = PBXFileReference; lastKnownFileType = sourcecode.swift; path = BleAdapter.swift; sourceTree = "<group>"; };
		1095687322D3105700C58666 /* simple-loader2.json */ = {isa = PBXFileReference; lastKnownFileType = text.json; path = "simple-loader2.json"; sourceTree = "<group>"; };
		1095687622D324C600C58666 /* Command.swift */ = {isa = PBXFileReference; lastKnownFileType = sourcecode.swift; path = Command.swift; sourceTree = "<group>"; };
		1095687E22D33F7C00C58666 /* try.srec */ = {isa = PBXFileReference; lastKnownFileType = text; path = try.srec; sourceTree = "<group>"; };
		109568AE22DC087000C58666 /* FtpManager.swift */ = {isa = PBXFileReference; lastKnownFileType = sourcecode.swift; path = FtpManager.swift; sourceTree = "<group>"; };
		109B5B86230F84B80092FA47 /* Sign in.swift */ = {isa = PBXFileReference; lastKnownFileType = sourcecode.swift; path = "Sign in.swift"; sourceTree = "<group>"; };
		109B5B89230F86BB0092FA47 /* Function.swift */ = {isa = PBXFileReference; lastKnownFileType = sourcecode.swift; path = Function.swift; sourceTree = "<group>"; };
		109B5B8B230FA19C0092FA47 /* Registration.swift */ = {isa = PBXFileReference; lastKnownFileType = sourcecode.swift; path = Registration.swift; sourceTree = "<group>"; };
		109B5B9623136FF70092FA47 /* ResetPassword.swift */ = {isa = PBXFileReference; lastKnownFileType = sourcecode.swift; path = ResetPassword.swift; sourceTree = "<group>"; };
		10AC61D422F7BA5300F49C08 /* Users_Manual.swift */ = {isa = PBXFileReference; lastKnownFileType = sourcecode.swift; path = Users_Manual.swift; sourceTree = "<group>"; };
		10AC61D822F7BC3E00F49C08 /* Menu.storyboard */ = {isa = PBXFileReference; lastKnownFileType = file.storyboard; path = Menu.storyboard; sourceTree = "<group>"; };
		10AC61DA22F7BE7400F49C08 /* Menu_Detail.swift */ = {isa = PBXFileReference; lastKnownFileType = sourcecode.swift; path = Menu_Detail.swift; sourceTree = "<group>"; };
		10AC61DD22F7DCED00F49C08 /* P1.swift */ = {isa = PBXFileReference; lastKnownFileType = sourcecode.swift; path = P1.swift; sourceTree = "<group>"; };
		10AC61DF22F7DCFE00F49C08 /* P2.swift */ = {isa = PBXFileReference; lastKnownFileType = sourcecode.swift; path = P2.swift; sourceTree = "<group>"; };
		10AC61E422F7FB5900F49C08 /* P3.swift */ = {isa = PBXFileReference; lastKnownFileType = sourcecode.swift; path = P3.swift; sourceTree = "<group>"; };
		10AC61E622F7FB6500F49C08 /* P4.swift */ = {isa = PBXFileReference; lastKnownFileType = sourcecode.swift; path = P4.swift; sourceTree = "<group>"; };
		10AC61E822F7FB6D00F49C08 /* P5.swift */ = {isa = PBXFileReference; lastKnownFileType = sourcecode.swift; path = P5.swift; sourceTree = "<group>"; };
		10AC61EA22F7FB7C00F49C08 /* P6.swift */ = {isa = PBXFileReference; lastKnownFileType = sourcecode.swift; path = P6.swift; sourceTree = "<group>"; };
		10AC61EC22F7FB8A00F49C08 /* P7.swift */ = {isa = PBXFileReference; lastKnownFileType = sourcecode.swift; path = P7.swift; sourceTree = "<group>"; };
		10AC61EE22F7FB9400F49C08 /* P8.swift */ = {isa = PBXFileReference; lastKnownFileType = sourcecode.swift; path = P8.swift; sourceTree = "<group>"; };
		10AC61F022F7FBA700F49C08 /* P9.swift */ = {isa = PBXFileReference; lastKnownFileType = sourcecode.swift; path = P9.swift; sourceTree = "<group>"; };
		10B239032318B4720063072F /* txusb.entitlements */ = {isa = PBXFileReference; lastKnownFileType = text.plist.entitlements; path = txusb.entitlements; sourceTree = "<group>"; };
		10B2390623190BF40063072F /* SensorRecord.swift */ = {isa = PBXFileReference; lastKnownFileType = sourcecode.swift; path = SensorRecord.swift; sourceTree = "<group>"; };
		10B6D0C022DC784C00A084F1 /* PadSelect.swift */ = {isa = PBXFileReference; lastKnownFileType = sourcecode.swift; path = PadSelect.swift; sourceTree = "<group>"; };
		10B6D0C222DD69B600A084F1 /* Program.swift */ = {isa = PBXFileReference; lastKnownFileType = sourcecode.swift; path = Program.swift; sourceTree = "<group>"; };
		10B6D0C422DD7E2200A084F1 /* CRC16.swift */ = {isa = PBXFileReference; lastKnownFileType = sourcecode.swift; path = CRC16.swift; sourceTree = "<group>"; };
		10B6D0C922DDA0B200A084F1 /* Header.h */ = {isa = PBXFileReference; lastKnownFileType = sourcecode.c.h; path = Header.h; sourceTree = "<group>"; };
		10B6D0CA22DDA0E000A084F1 /* txusb-Bridging-Header.h */ = {isa = PBXFileReference; lastKnownFileType = sourcecode.c.h; path = "txusb-Bridging-Header.h"; sourceTree = "<group>"; };
		10B6D0D022E0568C00A084F1 /* QrScanner.swift */ = {isa = PBXFileReference; lastKnownFileType = sourcecode.swift; path = QrScanner.swift; sourceTree = "<group>"; };
		10BAAE4A22E0684B00AC2DE4 /* Signout.swift */ = {isa = PBXFileReference; lastKnownFileType = sourcecode.swift; path = Signout.swift; sourceTree = "<group>"; };
		10DB8AE922FD63BE00C1A7A0 /* VersionUpdate.swift */ = {isa = PBXFileReference; lastKnownFileType = sourcecode.swift; path = VersionUpdate.swift; sourceTree = "<group>"; };
		130170DB3429E1CABB2AFD2A /* Pods-txusb.release.xcconfig */ = {isa = PBXFileReference; includeInIndex = 1; lastKnownFileType = text.xcconfig; name = "Pods-txusb.release.xcconfig"; path = "Target Support Files/Pods-txusb/Pods-txusb.release.xcconfig"; sourceTree = "<group>"; };
		32D230216B9F40EA7F95C876 /* Pods_orange_obd.framework */ = {isa = PBXFileReference; explicitFileType = wrapper.framework; includeInIndex = 0; path = Pods_orange_obd.framework; sourceTree = BUILT_PRODUCTS_DIR; };
		762F8FCEE067C2388EE523EB /* Pods-orange_obd.debug.xcconfig */ = {isa = PBXFileReference; includeInIndex = 1; lastKnownFileType = text.xcconfig; name = "Pods-orange_obd.debug.xcconfig"; path = "Target Support Files/Pods-orange_obd/Pods-orange_obd.debug.xcconfig"; sourceTree = "<group>"; };
		B844DF50EAE00CC6CDF6E786 /* Pods_txusb.framework */ = {isa = PBXFileReference; explicitFileType = wrapper.framework; includeInIndex = 0; path = Pods_txusb.framework; sourceTree = BUILT_PRODUCTS_DIR; };
		C7CC5DEF9D33E81FA376BA8F /* Pods-orange_obd.release.xcconfig */ = {isa = PBXFileReference; includeInIndex = 1; lastKnownFileType = text.xcconfig; name = "Pods-orange_obd.release.xcconfig"; path = "Target Support Files/Pods-orange_obd/Pods-orange_obd.release.xcconfig"; sourceTree = "<group>"; };
		F644363AF4F798AEAB723950 /* Pods-txusb.debug.xcconfig */ = {isa = PBXFileReference; includeInIndex = 1; lastKnownFileType = text.xcconfig; name = "Pods-txusb.debug.xcconfig"; path = "Target Support Files/Pods-txusb/Pods-txusb.debug.xcconfig"; sourceTree = "<group>"; };
/* End PBXFileReference section */

/* Begin PBXFrameworksBuildPhase section */
		1095681922CDEAEC00C58666 /* Frameworks */ = {
			isa = PBXFrameworksBuildPhase;
			buildActionMask = 2147483647;
			files = (
				E843A1897532756B7DF26204 /* Pods_txusb.framework in Frameworks */,
			);
			runOnlyForDeploymentPostprocessing = 0;
		};
/* End PBXFrameworksBuildPhase section */

/* Begin PBXGroup section */
		107D14D122F80D1B00CDA789 /* USB_COPY */ = {
			isa = PBXGroup;
			children = (
				107D14D222F80D2C00CDA789 /* I1.swift */,
				107D14D422F80D3600CDA789 /* I2.swift */,
				107D14D622F80D4400CDA789 /* I3.swift */,
				107D14D822F80D4D00CDA789 /* I4.swift */,
				107D14DA22F80D5700CDA789 /* I5.swift */,
				107D14DC22F80D6300CDA789 /* I6.swift */,
				107D14DE22F80D6B00CDA789 /* I7.swift */,
				107D14E022F80D7300CDA789 /* I8.swift */,
				107D14E222F80D7B00CDA789 /* I9.swift */,
				107D14E422F80D8500CDA789 /* I10.swift */,
				107D14E622F80DA000CDA789 /* I11.swift */,
			);
			path = USB_COPY;
			sourceTree = "<group>";
		};
		107D14F522F8258D00CDA789 /* Language */ = {
			isa = PBXGroup;
			children = (
				107D14F622F825B500CDA789 /* ChineseTr.swift */,
				107D14F822F825C000CDA789 /* English.swift */,
				107D14FD22F82C1F00CDA789 /* SetLan.swift */,
				107D150022F907F700CDA789 /* ChineseSi.swift */,
				107D150222F90B3900CDA789 /* De.swift */,
				107D150422F90DD900CDA789 /* It.swift */,
			);
			path = Language;
			sourceTree = "<group>";
		};
		107D150622F9162D00CDA789 /* Setting */ = {
			isa = PBXGroup;
			children = (
				107D150722F9163D00CDA789 /* Setting.swift */,
				107D150922F91F6D00CDA789 /* LanguageSetting.swift */,
				107D150B22F9398100CDA789 /* Policy.swift */,
				10DB8AE922FD63BE00C1A7A0 /* VersionUpdate.swift */,
				109B5B86230F84B80092FA47 /* Sign in.swift */,
				109B5B8B230FA19C0092FA47 /* Registration.swift */,
				109B5B9623136FF70092FA47 /* ResetPassword.swift */,
			);
			path = Setting;
			sourceTree = "<group>";
		};
		1095681322CDEAEC00C58666 = {
			isa = PBXGroup;
			children = (
				10B239032318B4720063072F /* txusb.entitlements */,
				1095687E22D33F7C00C58666 /* try.srec */,
				1095687322D3105700C58666 /* simple-loader2.json */,
				1095684622CEFA2B00C58666 /* sql */,
				1095681E22CDEAEC00C58666 /* orange_obd */,
				1095681D22CDEAEC00C58666 /* Products */,
				1660FE67A3EE02727C943917 /* Pods */,
				5C010FC302DB25635AE1D549 /* Frameworks */,
			);
			sourceTree = "<group>";
		};
		1095681D22CDEAEC00C58666 /* Products */ = {
			isa = PBXGroup;
			children = (
				1095681C22CDEAEC00C58666 /* txusb.app */,
			);
			name = Products;
			sourceTree = "<group>";
		};
		1095681E22CDEAEC00C58666 /* orange_obd */ = {
			isa = PBXGroup;
			children = (
				109B5B88230F869B0092FA47 /* HttpResponse */,
				107D150622F9162D00CDA789 /* Setting */,
				107D14F522F8258D00CDA789 /* Language */,
				10AC61D322F7BA3200F49C08 /* Menu */,
				1095687522D324B800C58666 /* tool */,
				1095683A22CEEBFE00C58666 /* mmy */,
				1095684122CEF0D200C58666 /* Adapter */,
				1095683522CEDE9900C58666 /* Activity */,
				1095681F22CDEAEC00C58666 /* AppDelegate.swift */,
				1095682122CDEAEC00C58666 /* ViewController.swift */,
				1095682322CDEAEC00C58666 /* Main.storyboard */,
				1095682622CDEAF200C58666 /* Assets.xcassets */,
				1095682822CDEAF200C58666 /* LaunchScreen.storyboard */,
				1095682B22CDEAF200C58666 /* Info.plist */,
				109568AE22DC087000C58666 /* FtpManager.swift */,
				10B6D0C922DDA0B200A084F1 /* Header.h */,
				10B6D0CA22DDA0E000A084F1 /* txusb-Bridging-Header.h */,
				10AC61D822F7BC3E00F49C08 /* Menu.storyboard */,
				107D14F022F8135100CDA789 /* Localizable.strings */,
			);
			path = orange_obd;
			sourceTree = "<group>";
		};
		1095683522CEDE9900C58666 /* Activity */ = {
			isa = PBXGroup;
			children = (
				1095683622CEDEC200C58666 /* HomePage.swift */,
				10B6D0C022DC784C00A084F1 /* PadSelect.swift */,
				1095683D22CEECFB00C58666 /* SelectMake.swift */,
				1095684B22CF090E00C58666 /* SelectModel.swift */,
				1095684F22CF243200C58666 /* SelectYear.swift */,
				1095685322CF347B00C58666 /* Idcopy.swift */,
				1095686522D2E66600C58666 /* BleScanner.swift */,
				10B6D0C222DD69B600A084F1 /* Program.swift */,
				10B6D0D022E0568C00A084F1 /* QrScanner.swift */,
				10BAAE4A22E0684B00AC2DE4 /* Signout.swift */,
				107D150D22FA715C00CDA789 /* Relarm.swift */,
			);
			path = Activity;
			sourceTree = "<group>";
		};
		1095683A22CEEBFE00C58666 /* mmy */ = {
			isa = PBXGroup;
			children = (
				1095683F22CEEDBC00C58666 /* model.swift */,
				1095686C22D2ED6A00C58666 /* BleItem.swift */,
			);
			path = mmy;
			sourceTree = "<group>";
		};
		1095684122CEF0D200C58666 /* Adapter */ = {
			isa = PBXGroup;
			children = (
				1095684222CEF1A200C58666 /* Make.swift */,
				1095684D22CF1BC000C58666 /* Model.swift */,
				1095685122CF276800C58666 /* Year.swift */,
				1095686E22D2F06A00C58666 /* BleAdapter.swift */,
			);
			path = Adapter;
			sourceTree = "<group>";
		};
		1095684622CEFA2B00C58666 /* sql */ = {
			isa = PBXGroup;
			children = (
				1095684722CEFA3D00C58666 /* obd.db */,
			);
			path = sql;
			sourceTree = "<group>";
		};
		1095687522D324B800C58666 /* tool */ = {
			isa = PBXGroup;
			children = (
				1095687622D324C600C58666 /* Command.swift */,
				1095683822CEE4FB00C58666 /* PeaceDefine.swift */,
				1095685522CF3CA500C58666 /* extension.swift */,
				10B6D0C422DD7E2200A084F1 /* CRC16.swift */,
			);
			path = tool;
			sourceTree = "<group>";
		};
		109B5B88230F869B0092FA47 /* HttpResponse */ = {
			isa = PBXGroup;
			children = (
				109B5B89230F86BB0092FA47 /* Function.swift */,
				10B2390623190BF40063072F /* SensorRecord.swift */,
			);
			path = HttpResponse;
			sourceTree = "<group>";
		};
		10AC61D322F7BA3200F49C08 /* Menu */ = {
			isa = PBXGroup;
			children = (
				107D14D122F80D1B00CDA789 /* USB_COPY */,
				10AC61DC22F7DCD000F49C08 /* USB_PROGRAM */,
				10AC61D422F7BA5300F49C08 /* Users_Manual.swift */,
				10AC61DA22F7BE7400F49C08 /* Menu_Detail.swift */,
			);
			path = Menu;
			sourceTree = "<group>";
		};
		10AC61DC22F7DCD000F49C08 /* USB_PROGRAM */ = {
			isa = PBXGroup;
			children = (
				10AC61DD22F7DCED00F49C08 /* P1.swift */,
				10AC61DF22F7DCFE00F49C08 /* P2.swift */,
				10AC61E422F7FB5900F49C08 /* P3.swift */,
				10AC61E622F7FB6500F49C08 /* P4.swift */,
				10AC61E822F7FB6D00F49C08 /* P5.swift */,
				10AC61EA22F7FB7C00F49C08 /* P6.swift */,
				10AC61EC22F7FB8A00F49C08 /* P7.swift */,
				10AC61EE22F7FB9400F49C08 /* P8.swift */,
				10AC61F022F7FBA700F49C08 /* P9.swift */,
			);
			path = USB_PROGRAM;
			sourceTree = "<group>";
		};
		1660FE67A3EE02727C943917 /* Pods */ = {
			isa = PBXGroup;
			children = (
				762F8FCEE067C2388EE523EB /* Pods-orange_obd.debug.xcconfig */,
				C7CC5DEF9D33E81FA376BA8F /* Pods-orange_obd.release.xcconfig */,
				F644363AF4F798AEAB723950 /* Pods-txusb.debug.xcconfig */,
				130170DB3429E1CABB2AFD2A /* Pods-txusb.release.xcconfig */,
			);
			path = Pods;
			sourceTree = "<group>";
		};
		5C010FC302DB25635AE1D549 /* Frameworks */ = {
			isa = PBXGroup;
			children = (
				32D230216B9F40EA7F95C876 /* Pods_orange_obd.framework */,
				B844DF50EAE00CC6CDF6E786 /* Pods_txusb.framework */,
			);
			name = Frameworks;
			sourceTree = "<group>";
		};
/* End PBXGroup section */

/* Begin PBXNativeTarget section */
		1095681B22CDEAEC00C58666 /* txusb */ = {
			isa = PBXNativeTarget;
			buildConfigurationList = 1095682E22CDEAF200C58666 /* Build configuration list for PBXNativeTarget "txusb" */;
			buildPhases = (
				DC3C04A4F98DC3D32224EF59 /* [CP] Check Pods Manifest.lock */,
				1095681822CDEAEC00C58666 /* Sources */,
				1095681922CDEAEC00C58666 /* Frameworks */,
				1095681A22CDEAEC00C58666 /* Resources */,
				000052EC3933835C68D6F98B /* [CP] Embed Pods Frameworks */,
			);
			buildRules = (
			);
			dependencies = (
			);
			name = txusb;
			productName = orange_obd;
			productReference = 1095681C22CDEAEC00C58666 /* txusb.app */;
			productType = "com.apple.product-type.application";
		};
/* End PBXNativeTarget section */

/* Begin PBXProject section */
		1095681422CDEAEC00C58666 /* Project object */ = {
			isa = PBXProject;
			attributes = {
				LastSwiftUpdateCheck = 1020;
				LastUpgradeCheck = 1020;
				ORGANIZATIONNAME = "王建智";
				TargetAttributes = {
					1095681B22CDEAEC00C58666 = {
						CreatedOnToolsVersion = 10.2;
						LastSwiftMigration = 1020;
						SystemCapabilities = {
							com.apple.SafariKeychain = {
								enabled = 0;
							};
						};
					};
				};
			};
			buildConfigurationList = 1095681722CDEAEC00C58666 /* Build configuration list for PBXProject "txusb" */;
			compatibilityVersion = "Xcode 9.3";
			developmentRegion = en;
			hasScannedForEncodings = 0;
			knownRegions = (
				en,
				Base,
			);
			mainGroup = 1095681322CDEAEC00C58666;
			productRefGroup = 1095681D22CDEAEC00C58666 /* Products */;
			projectDirPath = "";
			projectRoot = "";
			targets = (
				1095681B22CDEAEC00C58666 /* txusb */,
			);
		};
/* End PBXProject section */

/* Begin PBXResourcesBuildPhase section */
		1095681A22CDEAEC00C58666 /* Resources */ = {
			isa = PBXResourcesBuildPhase;
			buildActionMask = 2147483647;
			files = (
				10AC61D922F7BC3E00F49C08 /* Menu.storyboard in Resources */,
				1095687F22D33F7D00C58666 /* try.srec in Resources */,
				1095687422D3105800C58666 /* simple-loader2.json in Resources */,
				1095682A22CDEAF200C58666 /* LaunchScreen.storyboard in Resources */,
				1095682722CDEAF200C58666 /* Assets.xcassets in Resources */,
				107D14EE22F8135100CDA789 /* Localizable.strings in Resources */,
				1095682522CDEAEC00C58666 /* Main.storyboard in Resources */,
				1095684A22CEFCAB00C58666 /* obd.db in Resources */,
			);
			runOnlyForDeploymentPostprocessing = 0;
		};
/* End PBXResourcesBuildPhase section */

/* Begin PBXShellScriptBuildPhase section */
		000052EC3933835C68D6F98B /* [CP] Embed Pods Frameworks */ = {
			isa = PBXShellScriptBuildPhase;
			buildActionMask = 2147483647;
			files = (
			);
			inputFileListPaths = (
			);
			inputPaths = (
				"${PODS_ROOT}/Target Support Files/Pods-txusb/Pods-txusb-frameworks.sh",
				"${BUILT_PRODUCTS_DIR}/CryptoSwift/CryptoSwift.framework",
				"${BUILT_PRODUCTS_DIR}/IQKeyboardManagerSwift/IQKeyboardManagerSwift.framework",
				"${BUILT_PRODUCTS_DIR}/ViewPager-Swift/ViewPager_Swift.framework",
				"${BUILT_PRODUCTS_DIR}/lottie-ios/Lottie.framework",
			);
			name = "[CP] Embed Pods Frameworks";
			outputFileListPaths = (
			);
			outputPaths = (
				"${TARGET_BUILD_DIR}/${FRAMEWORKS_FOLDER_PATH}/CryptoSwift.framework",
				"${TARGET_BUILD_DIR}/${FRAMEWORKS_FOLDER_PATH}/IQKeyboardManagerSwift.framework",
				"${TARGET_BUILD_DIR}/${FRAMEWORKS_FOLDER_PATH}/ViewPager_Swift.framework",
				"${TARGET_BUILD_DIR}/${FRAMEWORKS_FOLDER_PATH}/Lottie.framework",
			);
			runOnlyForDeploymentPostprocessing = 0;
			shellPath = /bin/sh;
			shellScript = "\"${PODS_ROOT}/Target Support Files/Pods-txusb/Pods-txusb-frameworks.sh\"\n";
			showEnvVarsInLog = 0;
		};
		DC3C04A4F98DC3D32224EF59 /* [CP] Check Pods Manifest.lock */ = {
			isa = PBXShellScriptBuildPhase;
			buildActionMask = 2147483647;
			files = (
			);
			inputFileListPaths = (
			);
			inputPaths = (
				"${PODS_PODFILE_DIR_PATH}/Podfile.lock",
				"${PODS_ROOT}/Manifest.lock",
			);
			name = "[CP] Check Pods Manifest.lock";
			outputFileListPaths = (
			);
			outputPaths = (
				"$(DERIVED_FILE_DIR)/Pods-txusb-checkManifestLockResult.txt",
			);
			runOnlyForDeploymentPostprocessing = 0;
			shellPath = /bin/sh;
			shellScript = "diff \"${PODS_PODFILE_DIR_PATH}/Podfile.lock\" \"${PODS_ROOT}/Manifest.lock\" > /dev/null\nif [ $? != 0 ] ; then\n    # print error to STDERR\n    echo \"error: The sandbox is not in sync with the Podfile.lock. Run 'pod install' or update your CocoaPods installation.\" >&2\n    exit 1\nfi\n# This output is used by Xcode 'outputs' to avoid re-running this script phase.\necho \"SUCCESS\" > \"${SCRIPT_OUTPUT_FILE_0}\"\n";
			showEnvVarsInLog = 0;
		};
/* End PBXShellScriptBuildPhase section */

/* Begin PBXSourcesBuildPhase section */
		1095681822CDEAEC00C58666 /* Sources */ = {
			isa = PBXSourcesBuildPhase;
			buildActionMask = 2147483647;
			files = (
				10B6D0C322DD69B600A084F1 /* Program.swift in Sources */,
				1095687722D324C600C58666 /* Command.swift in Sources */,
				107D14D522F80D3600CDA789 /* I2.swift in Sources */,
				1095685222CF276800C58666 /* Year.swift in Sources */,
				1095685022CF243200C58666 /* SelectYear.swift in Sources */,
				10AC61D522F7BA5300F49C08 /* Users_Manual.swift in Sources */,
				107D14DF22F80D6B00CDA789 /* I7.swift in Sources */,
				10AC61DB22F7BE7400F49C08 /* Menu_Detail.swift in Sources */,
				107D150522F90DD900CDA789 /* It.swift in Sources */,
				107D14E122F80D7300CDA789 /* I8.swift in Sources */,
				109B5B8C230FA19C0092FA47 /* Registration.swift in Sources */,
				10BAAE4B22E0684B00AC2DE4 /* Signout.swift in Sources */,
				109B5B9723136FF70092FA47 /* ResetPassword.swift in Sources */,
				10B6D0C122DC784C00A084F1 /* PadSelect.swift in Sources */,
				107D14D322F80D2C00CDA789 /* I1.swift in Sources */,
				10AC61EB22F7FB7C00F49C08 /* P6.swift in Sources */,
				10AC61E922F7FB6D00F49C08 /* P5.swift in Sources */,
				10DB8AEA22FD63BE00C1A7A0 /* VersionUpdate.swift in Sources */,
				107D150E22FA715C00CDA789 /* Relarm.swift in Sources */,
				107D14FE22F82C1F00CDA789 /* SetLan.swift in Sources */,
				109B5B87230F84B80092FA47 /* Sign in.swift in Sources */,
				107D14E522F80D8500CDA789 /* I10.swift in Sources */,
				10AC61ED22F7FB8B00F49C08 /* P7.swift in Sources */,
				10AC61EF22F7FB9400F49C08 /* P8.swift in Sources */,
				107D14DB22F80D5700CDA789 /* I5.swift in Sources */,
				107D14F922F825C000CDA789 /* English.swift in Sources */,
				1095684E22CF1BC000C58666 /* Model.swift in Sources */,
				10AC61E722F7FB6500F49C08 /* P4.swift in Sources */,
				10AC61F122F7FBA700F49C08 /* P9.swift in Sources */,
				107D14F722F825B500CDA789 /* ChineseTr.swift in Sources */,
				107D14DD22F80D6300CDA789 /* I6.swift in Sources */,
				1095683E22CEECFB00C58666 /* SelectMake.swift in Sources */,
				1095684022CEEDBC00C58666 /* model.swift in Sources */,
				1095684322CEF1A200C58666 /* Make.swift in Sources */,
				107D150322F90B3900CDA789 /* De.swift in Sources */,
				107D150822F9163D00CDA789 /* Setting.swift in Sources */,
				1095682222CDEAEC00C58666 /* ViewController.swift in Sources */,
				1095686D22D2ED6A00C58666 /* BleItem.swift in Sources */,
				1095685422CF347B00C58666 /* Idcopy.swift in Sources */,
				1095685622CF3CA500C58666 /* extension.swift in Sources */,
				107D14E722F80DA000CDA789 /* I11.swift in Sources */,
				1095683922CEE4FB00C58666 /* PeaceDefine.swift in Sources */,
				107D14E322F80D7B00CDA789 /* I9.swift in Sources */,
				1095686622D2E66600C58666 /* BleScanner.swift in Sources */,
				1095684C22CF090E00C58666 /* SelectModel.swift in Sources */,
				109568AF22DC087000C58666 /* FtpManager.swift in Sources */,
				10AC61E022F7DCFE00F49C08 /* P2.swift in Sources */,
				10AC61DE22F7DCED00F49C08 /* P1.swift in Sources */,
				107D150A22F91F6D00CDA789 /* LanguageSetting.swift in Sources */,
				10B6D0D122E0568C00A084F1 /* QrScanner.swift in Sources */,
				107D14D722F80D4400CDA789 /* I3.swift in Sources */,
				109B5B8A230F86BB0092FA47 /* Function.swift in Sources */,
				1095683722CEDEC200C58666 /* HomePage.swift in Sources */,
				107D150C22F9398100CDA789 /* Policy.swift in Sources */,
				1095682022CDEAEC00C58666 /* AppDelegate.swift in Sources */,
				10B6D0C522DD7E2200A084F1 /* CRC16.swift in Sources */,
				10B2390723190BF40063072F /* SensorRecord.swift in Sources */,
				10AC61E522F7FB5900F49C08 /* P3.swift in Sources */,
				107D150122F907F700CDA789 /* ChineseSi.swift in Sources */,
				107D14D922F80D4D00CDA789 /* I4.swift in Sources */,
				1095686F22D2F06A00C58666 /* BleAdapter.swift in Sources */,
			);
			runOnlyForDeploymentPostprocessing = 0;
		};
/* End PBXSourcesBuildPhase section */

/* Begin PBXVariantGroup section */
		107D14F022F8135100CDA789 /* Localizable.strings */ = {
			isa = PBXVariantGroup;
			children = (
				107D14EF22F8135100CDA789 /* en */,
			);
			name = Localizable.strings;
			sourceTree = "<group>";
		};
		1095682322CDEAEC00C58666 /* Main.storyboard */ = {
			isa = PBXVariantGroup;
			children = (
				1095682422CDEAEC00C58666 /* Base */,
				107D14E922F811B000CDA789 /* en */,
			);
			name = Main.storyboard;
			sourceTree = "<group>";
		};
		1095682822CDEAF200C58666 /* LaunchScreen.storyboard */ = {
			isa = PBXVariantGroup;
			children = (
				1095682922CDEAF200C58666 /* Base */,
			);
			name = LaunchScreen.storyboard;
			sourceTree = "<group>";
		};
/* End PBXVariantGroup section */

/* Begin XCBuildConfiguration section */
		1095682C22CDEAF200C58666 /* Debug */ = {
			isa = XCBuildConfiguration;
			buildSettings = {
				ALWAYS_SEARCH_USER_PATHS = NO;
				CLANG_ANALYZER_LOCALIZABILITY_NONLOCALIZED = YES;
				CLANG_ANALYZER_NONNULL = YES;
				CLANG_ANALYZER_NUMBER_OBJECT_CONVERSION = YES_AGGRESSIVE;
				CLANG_CXX_LANGUAGE_STANDARD = "gnu++14";
				CLANG_CXX_LIBRARY = "libc++";
				CLANG_ENABLE_MODULES = YES;
				CLANG_ENABLE_OBJC_ARC = YES;
				CLANG_ENABLE_OBJC_WEAK = YES;
				CLANG_WARN_BLOCK_CAPTURE_AUTORELEASING = YES;
				CLANG_WARN_BOOL_CONVERSION = YES;
				CLANG_WARN_COMMA = YES;
				CLANG_WARN_CONSTANT_CONVERSION = YES;
				CLANG_WARN_DEPRECATED_OBJC_IMPLEMENTATIONS = YES;
				CLANG_WARN_DIRECT_OBJC_ISA_USAGE = YES_ERROR;
				CLANG_WARN_DOCUMENTATION_COMMENTS = YES;
				CLANG_WARN_EMPTY_BODY = YES;
				CLANG_WARN_ENUM_CONVERSION = YES;
				CLANG_WARN_INFINITE_RECURSION = YES;
				CLANG_WARN_INT_CONVERSION = YES;
				CLANG_WARN_NON_LITERAL_NULL_CONVERSION = YES;
				CLANG_WARN_OBJC_IMPLICIT_RETAIN_SELF = YES;
				CLANG_WARN_OBJC_LITERAL_CONVERSION = YES;
				CLANG_WARN_OBJC_ROOT_CLASS = YES_ERROR;
				CLANG_WARN_RANGE_LOOP_ANALYSIS = YES;
				CLANG_WARN_STRICT_PROTOTYPES = YES;
				CLANG_WARN_SUSPICIOUS_MOVE = YES;
				CLANG_WARN_UNGUARDED_AVAILABILITY = YES_AGGRESSIVE;
				CLANG_WARN_UNREACHABLE_CODE = YES;
				CLANG_WARN__DUPLICATE_METHOD_MATCH = YES;
				CODE_SIGN_IDENTITY = "iPhone Developer";
				COPY_PHASE_STRIP = NO;
				DEBUG_INFORMATION_FORMAT = dwarf;
				ENABLE_STRICT_OBJC_MSGSEND = YES;
				ENABLE_TESTABILITY = YES;
				GCC_C_LANGUAGE_STANDARD = gnu11;
				GCC_DYNAMIC_NO_PIC = NO;
				GCC_NO_COMMON_BLOCKS = YES;
				GCC_OPTIMIZATION_LEVEL = 0;
				GCC_PREPROCESSOR_DEFINITIONS = (
					"DEBUG=1",
					"$(inherited)",
				);
				GCC_WARN_64_TO_32_BIT_CONVERSION = YES;
				GCC_WARN_ABOUT_RETURN_TYPE = YES_ERROR;
				GCC_WARN_UNDECLARED_SELECTOR = YES;
				GCC_WARN_UNINITIALIZED_AUTOS = YES_AGGRESSIVE;
				GCC_WARN_UNUSED_FUNCTION = YES;
				GCC_WARN_UNUSED_VARIABLE = YES;
				IPHONEOS_DEPLOYMENT_TARGET = 11.0;
				MTL_ENABLE_DEBUG_INFO = INCLUDE_SOURCE;
				MTL_FAST_MATH = YES;
				ONLY_ACTIVE_ARCH = YES;
				SDKROOT = iphoneos;
				SWIFT_ACTIVE_COMPILATION_CONDITIONS = DEBUG;
				SWIFT_OPTIMIZATION_LEVEL = "-Onone";
			};
			name = Debug;
		};
		1095682D22CDEAF200C58666 /* Release */ = {
			isa = XCBuildConfiguration;
			buildSettings = {
				ALWAYS_SEARCH_USER_PATHS = NO;
				CLANG_ANALYZER_LOCALIZABILITY_NONLOCALIZED = YES;
				CLANG_ANALYZER_NONNULL = YES;
				CLANG_ANALYZER_NUMBER_OBJECT_CONVERSION = YES_AGGRESSIVE;
				CLANG_CXX_LANGUAGE_STANDARD = "gnu++14";
				CLANG_CXX_LIBRARY = "libc++";
				CLANG_ENABLE_MODULES = YES;
				CLANG_ENABLE_OBJC_ARC = YES;
				CLANG_ENABLE_OBJC_WEAK = YES;
				CLANG_WARN_BLOCK_CAPTURE_AUTORELEASING = YES;
				CLANG_WARN_BOOL_CONVERSION = YES;
				CLANG_WARN_COMMA = YES;
				CLANG_WARN_CONSTANT_CONVERSION = YES;
				CLANG_WARN_DEPRECATED_OBJC_IMPLEMENTATIONS = YES;
				CLANG_WARN_DIRECT_OBJC_ISA_USAGE = YES_ERROR;
				CLANG_WARN_DOCUMENTATION_COMMENTS = YES;
				CLANG_WARN_EMPTY_BODY = YES;
				CLANG_WARN_ENUM_CONVERSION = YES;
				CLANG_WARN_INFINITE_RECURSION = YES;
				CLANG_WARN_INT_CONVERSION = YES;
				CLANG_WARN_NON_LITERAL_NULL_CONVERSION = YES;
				CLANG_WARN_OBJC_IMPLICIT_RETAIN_SELF = YES;
				CLANG_WARN_OBJC_LITERAL_CONVERSION = YES;
				CLANG_WARN_OBJC_ROOT_CLASS = YES_ERROR;
				CLANG_WARN_RANGE_LOOP_ANALYSIS = YES;
				CLANG_WARN_STRICT_PROTOTYPES = YES;
				CLANG_WARN_SUSPICIOUS_MOVE = YES;
				CLANG_WARN_UNGUARDED_AVAILABILITY = YES_AGGRESSIVE;
				CLANG_WARN_UNREACHABLE_CODE = YES;
				CLANG_WARN__DUPLICATE_METHOD_MATCH = YES;
				CODE_SIGN_IDENTITY = "iPhone Developer";
				COPY_PHASE_STRIP = NO;
				DEBUG_INFORMATION_FORMAT = "dwarf-with-dsym";
				ENABLE_NS_ASSERTIONS = NO;
				ENABLE_STRICT_OBJC_MSGSEND = YES;
				GCC_C_LANGUAGE_STANDARD = gnu11;
				GCC_NO_COMMON_BLOCKS = YES;
				GCC_WARN_64_TO_32_BIT_CONVERSION = YES;
				GCC_WARN_ABOUT_RETURN_TYPE = YES_ERROR;
				GCC_WARN_UNDECLARED_SELECTOR = YES;
				GCC_WARN_UNINITIALIZED_AUTOS = YES_AGGRESSIVE;
				GCC_WARN_UNUSED_FUNCTION = YES;
				GCC_WARN_UNUSED_VARIABLE = YES;
				IPHONEOS_DEPLOYMENT_TARGET = 11.0;
				MTL_ENABLE_DEBUG_INFO = NO;
				MTL_FAST_MATH = YES;
				SDKROOT = iphoneos;
				SWIFT_COMPILATION_MODE = wholemodule;
				SWIFT_OPTIMIZATION_LEVEL = "-O";
				VALIDATE_PRODUCT = YES;
			};
			name = Release;
		};
		1095682F22CDEAF200C58666 /* Debug */ = {
			isa = XCBuildConfiguration;
			baseConfigurationReference = F644363AF4F798AEAB723950 /* Pods-txusb.debug.xcconfig */;
			buildSettings = {
				ASSETCATALOG_COMPILER_APPICON_NAME = AppIcon;
				CLANG_ENABLE_MODULES = YES;
				CODE_SIGN_IDENTITY = "iPhone Developer";
				CODE_SIGN_STYLE = Automatic;
				DEVELOPMENT_TEAM = HEQGGF6N89;
				INFOPLIST_FILE = orange_obd/Info.plist;
				IPHONEOS_DEPLOYMENT_TARGET = 11.0;
				LD_RUNPATH_SEARCH_PATHS = (
					"$(inherited)",
					"@executable_path/Frameworks",
				);
				PRODUCT_BUNDLE_IDENTIFIER = com.orange.txusb;
				PRODUCT_NAME = "$(TARGET_NAME)";
				PROVISIONING_PROFILE_SPECIFIER = "";
				SWIFT_OBJC_BRIDGING_HEADER = "orange_obd/txusb-Bridging-Header.h";
				SWIFT_OPTIMIZATION_LEVEL = "-Onone";
				SWIFT_VERSION = 5.0;
				TARGETED_DEVICE_FAMILY = 1;
			};
			name = Debug;
		};
		1095683022CDEAF200C58666 /* Release */ = {
			isa = XCBuildConfiguration;
			baseConfigurationReference = 130170DB3429E1CABB2AFD2A /* Pods-txusb.release.xcconfig */;
			buildSettings = {
				ASSETCATALOG_COMPILER_APPICON_NAME = AppIcon;
				CLANG_ENABLE_MODULES = YES;
				CODE_SIGN_IDENTITY = "iPhone Developer";
				CODE_SIGN_STYLE = Automatic;
				DEVELOPMENT_TEAM = HEQGGF6N89;
				INFOPLIST_FILE = orange_obd/Info.plist;
				IPHONEOS_DEPLOYMENT_TARGET = 11.0;
				LD_RUNPATH_SEARCH_PATHS = (
					"$(inherited)",
					"@executable_path/Frameworks",
				);
				PRODUCT_BUNDLE_IDENTIFIER = com.orange.txusb;
				PRODUCT_NAME = "$(TARGET_NAME)";
				PROVISIONING_PROFILE_SPECIFIER = "";
				SWIFT_OBJC_BRIDGING_HEADER = "orange_obd/txusb-Bridging-Header.h";
				SWIFT_VERSION = 5.0;
				TARGETED_DEVICE_FAMILY = 1;
			};
			name = Release;
		};
/* End XCBuildConfiguration section */

/* Begin XCConfigurationList section */
		1095681722CDEAEC00C58666 /* Build configuration list for PBXProject "txusb" */ = {
			isa = XCConfigurationList;
			buildConfigurations = (
				1095682C22CDEAF200C58666 /* Debug */,
				1095682D22CDEAF200C58666 /* Release */,
			);
			defaultConfigurationIsVisible = 0;
			defaultConfigurationName = Release;
		};
		1095682E22CDEAF200C58666 /* Build configuration list for PBXNativeTarget "txusb" */ = {
			isa = XCConfigurationList;
			buildConfigurations = (
				1095682F22CDEAF200C58666 /* Debug */,
				1095683022CDEAF200C58666 /* Release */,
			);
			defaultConfigurationIsVisible = 0;
			defaultConfigurationName = Release;
		};
/* End XCConfigurationList section */
	};
	rootObject = 1095681422CDEAEC00C58666 /* Project object */;
}
